
Microsoft Visual Studio Solution File, Format Version 12.00
# Visual Studio 2012
Project("{FAE04EC0-301F-11D3-BF4B-00C04F79EFBC}") = "DinnerManager.Entities", "DinnerManager.Entities\DinnerManager.Entities.csproj", "{4DBFFAD5-AD04-45F9-9182-D8D454DABD44}"
EndProject
Project("{FAE04EC0-301F-11D3-BF4B-00C04F79EFBC}") = "TestdataBuilder", "TestdataBuilder\TestdataBuilder.csproj", "{5F2D6D29-4B56-4C46-B4A3-22646C455A13}"
EndProject
Project("{FAE04EC0-301F-11D3-BF4B-00C04F79EFBC}") = "DinnerManager", "DinnerManager\DinnerManager.csproj", "{7925E374-918A-4FF6-B461-17EC683D0B8A}"
EndProject
Global
	GlobalSection(SolutionConfigurationPlatforms) = preSolution
		Debug|Any CPU = Debug|Any CPU
		Release|Any CPU = Release|Any CPU
	EndGlobalSection
	GlobalSection(ProjectConfigurationPlatforms) = postSolution
		{4DBFFAD5-AD04-45F9-9182-D8D454DABD44}.Debug|Any CPU.ActiveCfg = Debug|Any CPU
		{4DBFFAD5-AD04-45F9-9182-D8D454DABD44}.Debug|Any CPU.Build.0 = Debug|Any CPU
		{4DBFFAD5-AD04-45F9-9182-D8D454DABD44}.Release|Any CPU.ActiveCfg = Release|Any CPU
		{4DBFFAD5-AD04-45F9-9182-D8D454DABD44}.Release|Any CPU.Build.0 = Release|Any CPU
		{5F2D6D29-4B56-4C46-B4A3-22646C455A13}.Debug|Any CPU.ActiveCfg = Debug|Any CPU
		{5F2D6D29-4B56-4C46-B4A3-22646C455A13}.Debug|Any CPU.Build.0 = Debug|Any CPU
		{5F2D6D29-4B56-4C46-B4A3-22646C455A13}.Release|Any CPU.ActiveCfg = Release|Any CPU
		{5F2D6D29-4B56-4C46-B4A3-22646C455A13}.Release|Any CPU.Build.0 = Release|Any CPU
		{7925E374-918A-4FF6-B461-17EC683D0B8A}.Debug|Any CPU.ActiveCfg = Debug|Any CPU
		{7925E374-918A-4FF6-B461-17EC683D0B8A}.Debug|Any CPU.Build.0 = Debug|Any CPU
		{7925E374-918A-4FF6-B461-17EC683D0B8A}.Release|Any CPU.ActiveCfg = Release|Any CPU
		{7925E374-918A-4FF6-B461-17EC683D0B8A}.Release|Any CPU.Build.0 = Release|Any CPU
	EndGlobalSection
	GlobalSection(SolutionProperties) = preSolution
		HideSolutionNode = FALSE
	EndGlobalSection
EndGlobal
